{
    "name": "essential-data-science-extension-pack",
    "version": "1.0.3",
    "lockfileVersion": 2,
    "requires": true,
    "packages": {
        "": {
            "name": "essential-data-science-extension-pack",
            "version": "1.0.3",
            "license": "MIT",
            "engines": {
                "vscode": "^1.62.0"
            }
        }
    }
}
